
Microsoft Visual Studio Solution File, Format Version 12.00
# Visual Studio Version 16
VisualStudioVersion = 16.0.31424.327
MinimumVisualStudioVersion = 10.0.40219.1
Project("{FAE04EC0-301F-11D3-BF4B-00C04F79EFBC}") = "SupplySystem", "SupplySystem\SupplySystem.csproj", "{144670CB-6396-488C-A76D-2E03A3B69E78}"
EndProject
Project("{00D1A9C2-B5F0-4AF3-8072-F6C62B433612}") = "SupplySystemDataBase", "SupplySystemDataBase\SupplySystemDataBase.sqlproj", "{2CE09AB7-E173-4BFD-8359-E637C940DC24}"
EndProject
Global
	GlobalSection(SolutionConfigurationPlatforms) = preSolution
		Debug|Any CPU = Debug|Any CPU
		Release|Any CPU = Release|Any CPU
	EndGlobalSection
	GlobalSection(ProjectConfigurationPlatforms) = postSolution
		{144670CB-6396-488C-A76D-2E03A3B69E78}.Debug|Any CPU.ActiveCfg = Debug|Any CPU
		{144670CB-6396-488C-A76D-2E03A3B69E78}.Debug|Any CPU.Build.0 = Debug|Any CPU
		{144670CB-6396-488C-A76D-2E03A3B69E78}.Release|Any CPU.ActiveCfg = Release|Any CPU
		{144670CB-6396-488C-A76D-2E03A3B69E78}.Release|Any CPU.Build.0 = Release|Any CPU
		{2CE09AB7-E173-4BFD-8359-E637C940DC24}.Debug|Any CPU.ActiveCfg = Debug|Any CPU
		{2CE09AB7-E173-4BFD-8359-E637C940DC24}.Debug|Any CPU.Build.0 = Debug|Any CPU
		{2CE09AB7-E173-4BFD-8359-E637C940DC24}.Debug|Any CPU.Deploy.0 = Debug|Any CPU
		{2CE09AB7-E173-4BFD-8359-E637C940DC24}.Release|Any CPU.ActiveCfg = Release|Any CPU
		{2CE09AB7-E173-4BFD-8359-E637C940DC24}.Release|Any CPU.Build.0 = Release|Any CPU
		{2CE09AB7-E173-4BFD-8359-E637C940DC24}.Release|Any CPU.Deploy.0 = Release|Any CPU
	EndGlobalSection
	GlobalSection(SolutionProperties) = preSolution
		HideSolutionNode = FALSE
	EndGlobalSection
	GlobalSection(ExtensibilityGlobals) = postSolution
		SolutionGuid = {1CFDF296-8333-4088-9598-D1695F060955}
	EndGlobalSection
EndGlobal
